
Microsoft Visual Studio Solution File, Format Version 12.00
# Visual Studio Version 17
VisualStudioVersion = 17.0.31903.59
MinimumVisualStudioVersion = 10.0.40219.1
Project("{2150E333-8FDC-42A3-9474-1A3956D46DE8}") = "src", "src", "{827E0CD3-B72D-47B6-A68D-7590B98EB39B}"
EndProject
Project("{FAE04EC0-301F-11D3-BF4B-00C04F79EFBC}") = "PropertyIntel.Domain", "src\PropertyIntel.Domain\PropertyIntel.Domain.csproj", "{5D9CEFEA-CB47-40F8-B471-16F0081D9589}"
EndProject
Project("{FAE04EC0-301F-11D3-BF4B-00C04F79EFBC}") = "PropertyIntel.Application", "src\PropertyIntel.Application\PropertyIntel.Application.csproj", "{95F1BC8D-C33B-49B4-BCD2-098F62CAF364}"
EndProject
Project("{FAE04EC0-301F-11D3-BF4B-00C04F79EFBC}") = "PropertyIntel.Infrastructure", "src\PropertyIntel.Infrastructure\PropertyIntel.Infrastructure.csproj", "{52D68CE5-5950-40A6-88F8-78D432D3E379}"
EndProject
Project("{FAE04EC0-301F-11D3-BF4B-00C04F79EFBC}") = "PropertyIntel.UI", "src\PropertyIntel.UI\PropertyIntel.UI.csproj", "{89FE5561-053A-4DA1-B5D5-444B5538170C}"
EndProject
Global
	GlobalSection(SolutionConfigurationPlatforms) = preSolution
		Debug|Any CPU = Debug|Any CPU
		Debug|x64 = Debug|x64
		Debug|x86 = Debug|x86
		Release|Any CPU = Release|Any CPU
		Release|x64 = Release|x64
		Release|x86 = Release|x86
	EndGlobalSection
	GlobalSection(ProjectConfigurationPlatforms) = postSolution
		{5D9CEFEA-CB47-40F8-B471-16F0081D9589}.Debug|Any CPU.ActiveCfg = Debug|Any CPU
		{5D9CEFEA-CB47-40F8-B471-16F0081D9589}.Debug|Any CPU.Build.0 = Debug|Any CPU
		{5D9CEFEA-CB47-40F8-B471-16F0081D9589}.Debug|x64.ActiveCfg = Debug|Any CPU
		{5D9CEFEA-CB47-40F8-B471-16F0081D9589}.Debug|x64.Build.0 = Debug|Any CPU
		{5D9CEFEA-CB47-40F8-B471-16F0081D9589}.Debug|x86.ActiveCfg = Debug|Any CPU
		{5D9CEFEA-CB47-40F8-B471-16F0081D9589}.Debug|x86.Build.0 = Debug|Any CPU
		{5D9CEFEA-CB47-40F8-B471-16F0081D9589}.Release|Any CPU.ActiveCfg = Release|Any CPU
		{5D9CEFEA-CB47-40F8-B471-16F0081D9589}.Release|Any CPU.Build.0 = Release|Any CPU
		{5D9CEFEA-CB47-40F8-B471-16F0081D9589}.Release|x64.ActiveCfg = Release|Any CPU
		{5D9CEFEA-CB47-40F8-B471-16F0081D9589}.Release|x64.Build.0 = Release|Any CPU
		{5D9CEFEA-CB47-40F8-B471-16F0081D9589}.Release|x86.ActiveCfg = Release|Any CPU
		{5D9CEFEA-CB47-40F8-B471-16F0081D9589}.Release|x86.Build.0 = Release|Any CPU
		{95F1BC8D-C33B-49B4-BCD2-098F62CAF364}.Debug|Any CPU.ActiveCfg = Debug|Any CPU
		{95F1BC8D-C33B-49B4-BCD2-098F62CAF364}.Debug|Any CPU.Build.0 = Debug|Any CPU
		{95F1BC8D-C33B-49B4-BCD2-098F62CAF364}.Debug|x64.ActiveCfg = Debug|Any CPU
		{95F1BC8D-C33B-49B4-BCD2-098F62CAF364}.Debug|x64.Build.0 = Debug|Any CPU
		{95F1BC8D-C33B-49B4-BCD2-098F62CAF364}.Debug|x86.ActiveCfg = Debug|Any CPU
		{95F1BC8D-C33B-49B4-BCD2-098F62CAF364}.Debug|x86.Build.0 = Debug|Any CPU
		{95F1BC8D-C33B-49B4-BCD2-098F62CAF364}.Release|Any CPU.ActiveCfg = Release|Any CPU
		{95F1BC8D-C33B-49B4-BCD2-098F62CAF364}.Release|Any CPU.Build.0 = Release|Any CPU
		{95F1BC8D-C33B-49B4-BCD2-098F62CAF364}.Release|x64.ActiveCfg = Release|Any CPU
		{95F1BC8D-C33B-49B4-BCD2-098F62CAF364}.Release|x64.Build.0 = Release|Any CPU
		{95F1BC8D-C33B-49B4-BCD2-098F62CAF364}.Release|x86.ActiveCfg = Release|Any CPU
		{95F1BC8D-C33B-49B4-BCD2-098F62CAF364}.Release|x86.Build.0 = Release|Any CPU
		{52D68CE5-5950-40A6-88F8-78D432D3E379}.Debug|Any CPU.ActiveCfg = Debug|Any CPU
		{52D68CE5-5950-40A6-88F8-78D432D3E379}.Debug|Any CPU.Build.0 = Debug|Any CPU
		{52D68CE5-5950-40A6-88F8-78D432D3E379}.Debug|x64.ActiveCfg = Debug|Any CPU
		{52D68CE5-5950-40A6-88F8-78D432D3E379}.Debug|x64.Build.0 = Debug|Any CPU
		{52D68CE5-5950-40A6-88F8-78D432D3E379}.Debug|x86.ActiveCfg = Debug|Any CPU
		{52D68CE5-5950-40A6-88F8-78D432D3E379}.Debug|x86.Build.0 = Debug|Any CPU
		{52D68CE5-5950-40A6-88F8-78D432D3E379}.Release|Any CPU.ActiveCfg = Release|Any CPU
		{52D68CE5-5950-40A6-88F8-78D432D3E379}.Release|Any CPU.Build.0 = Release|Any CPU
		{52D68CE5-5950-40A6-88F8-78D432D3E379}.Release|x64.ActiveCfg = Release|Any CPU
		{52D68CE5-5950-40A6-88F8-78D432D3E379}.Release|x64.Build.0 = Release|Any CPU
		{52D68CE5-5950-40A6-88F8-78D432D3E379}.Release|x86.ActiveCfg = Release|Any CPU
		{52D68CE5-5950-40A6-88F8-78D432D3E379}.Release|x86.Build.0 = Release|Any CPU
		{89FE5561-053A-4DA1-B5D5-444B5538170C}.Debug|Any CPU.ActiveCfg = Debug|Any CPU
		{89FE5561-053A-4DA1-B5D5-444B5538170C}.Debug|Any CPU.Build.0 = Debug|Any CPU
		{89FE5561-053A-4DA1-B5D5-444B5538170C}.Debug|x64.ActiveCfg = Debug|Any CPU
		{89FE5561-053A-4DA1-B5D5-444B5538170C}.Debug|x64.Build.0 = Debug|Any CPU
		{89FE5561-053A-4DA1-B5D5-444B5538170C}.Debug|x86.ActiveCfg = Debug|Any CPU
		{89FE5561-053A-4DA1-B5D5-444B5538170C}.Debug|x86.Build.0 = Debug|Any CPU
		{89FE5561-053A-4DA1-B5D5-444B5538170C}.Release|Any CPU.ActiveCfg = Release|Any CPU
		{89FE5561-053A-4DA1-B5D5-444B5538170C}.Release|Any CPU.Build.0 = Release|Any CPU
		{89FE5561-053A-4DA1-B5D5-444B5538170C}.Release|x64.ActiveCfg = Release|Any CPU
		{89FE5561-053A-4DA1-B5D5-444B5538170C}.Release|x64.Build.0 = Release|Any CPU
		{89FE5561-053A-4DA1-B5D5-444B5538170C}.Release|x86.ActiveCfg = Release|Any CPU
		{89FE5561-053A-4DA1-B5D5-444B5538170C}.Release|x86.Build.0 = Release|Any CPU
	EndGlobalSection
	GlobalSection(SolutionProperties) = preSolution
		HideSolutionNode = FALSE
	EndGlobalSection
	GlobalSection(NestedProjects) = preSolution
		{5D9CEFEA-CB47-40F8-B471-16F0081D9589} = {827E0CD3-B72D-47B6-A68D-7590B98EB39B}
		{95F1BC8D-C33B-49B4-BCD2-098F62CAF364} = {827E0CD3-B72D-47B6-A68D-7590B98EB39B}
		{52D68CE5-5950-40A6-88F8-78D432D3E379} = {827E0CD3-B72D-47B6-A68D-7590B98EB39B}
		{89FE5561-053A-4DA1-B5D5-444B5538170C} = {827E0CD3-B72D-47B6-A68D-7590B98EB39B}
	EndGlobalSection
EndGlobal
